
Microsoft Visual Studio Solution File, Format Version 12.00
# Visual Studio Version 16
VisualStudioVersion = 16.0.32106.194
MinimumVisualStudioVersion = 10.0.40219.1
Project("{8BC9CEB8-8B4A-11D0-8D11-00A0C91BC942}") = "draw_quiz2", "draw_quiz2\draw_quiz2.vcxproj", "{FD864CE8-707B-409D-A888-9748D2FEC3CC}"
EndProject
Global
	GlobalSection(SolutionConfigurationPlatforms) = preSolution
		Debug|x64 = Debug|x64
		Debug|x86 = Debug|x86
		Release|x64 = Release|x64
		Release|x86 = Release|x86
	EndGlobalSection
	GlobalSection(ProjectConfigurationPlatforms) = postSolution
		{FD864CE8-707B-409D-A888-9748D2FEC3CC}.Debug|x64.ActiveCfg = Debug|x64
		{FD864CE8-707B-409D-A888-9748D2FEC3CC}.Debug|x64.Build.0 = Debug|x64
		{FD864CE8-707B-409D-A888-9748D2FEC3CC}.Debug|x86.ActiveCfg = Debug|Win32
		{FD864CE8-707B-409D-A888-9748D2FEC3CC}.Debug|x86.Build.0 = Debug|Win32
		{FD864CE8-707B-409D-A888-9748D2FEC3CC}.Release|x64.ActiveCfg = Release|x64
		{FD864CE8-707B-409D-A888-9748D2FEC3CC}.Release|x64.Build.0 = Release|x64
		{FD864CE8-707B-409D-A888-9748D2FEC3CC}.Release|x86.ActiveCfg = Release|Win32
		{FD864CE8-707B-409D-A888-9748D2FEC3CC}.Release|x86.Build.0 = Release|Win32
	EndGlobalSection
	GlobalSection(SolutionProperties) = preSolution
		HideSolutionNode = FALSE
	EndGlobalSection
	GlobalSection(ExtensibilityGlobals) = postSolution
		SolutionGuid = {CD9BE967-2C09-4AB1-9F93-78013F657997}
	EndGlobalSection
EndGlobal
